
Microsoft Visual Studio Solution File, Format Version 12.00
# Visual Studio 14
VisualStudioVersion = 14.0.25420.1
MinimumVisualStudioVersion = 10.0.40219.1
Project("{FAE04EC0-301F-11D3-BF4B-00C04F79EFBC}") = "ConsoleApp", "ConsoleApp\ConsoleApp.csproj", "{1441FDCE-2D00-44A0-A636-3A1FF068A8E5}"
EndProject
Project("{FAE04EC0-301F-11D3-BF4B-00C04F79EFBC}") = "VectorLib", "VectorLib\VectorLib.csproj", "{E7D9344D-C7AD-419F-A0E4-681A9DAA69DF}"
EndProject
Project("{FAE04EC0-301F-11D3-BF4B-00C04F79EFBC}") = "NVectorTest", "NVectorTest\NVectorTest.csproj", "{81421183-4016-4358-BF2F-345AC896695F}"
EndProject
Global
	GlobalSection(SolutionConfigurationPlatforms) = preSolution
		Debug|Any CPU = Debug|Any CPU
		Release|Any CPU = Release|Any CPU
	EndGlobalSection
	GlobalSection(ProjectConfigurationPlatforms) = postSolution
		{1441FDCE-2D00-44A0-A636-3A1FF068A8E5}.Debug|Any CPU.ActiveCfg = Debug|Any CPU
		{1441FDCE-2D00-44A0-A636-3A1FF068A8E5}.Debug|Any CPU.Build.0 = Debug|Any CPU
		{1441FDCE-2D00-44A0-A636-3A1FF068A8E5}.Release|Any CPU.ActiveCfg = Release|Any CPU
		{1441FDCE-2D00-44A0-A636-3A1FF068A8E5}.Release|Any CPU.Build.0 = Release|Any CPU
		{E7D9344D-C7AD-419F-A0E4-681A9DAA69DF}.Debug|Any CPU.ActiveCfg = Debug|Any CPU
		{E7D9344D-C7AD-419F-A0E4-681A9DAA69DF}.Debug|Any CPU.Build.0 = Debug|Any CPU
		{E7D9344D-C7AD-419F-A0E4-681A9DAA69DF}.Release|Any CPU.ActiveCfg = Release|Any CPU
		{E7D9344D-C7AD-419F-A0E4-681A9DAA69DF}.Release|Any CPU.Build.0 = Release|Any CPU
		{81421183-4016-4358-BF2F-345AC896695F}.Debug|Any CPU.ActiveCfg = Debug|Any CPU
		{81421183-4016-4358-BF2F-345AC896695F}.Debug|Any CPU.Build.0 = Debug|Any CPU
		{81421183-4016-4358-BF2F-345AC896695F}.Release|Any CPU.ActiveCfg = Release|Any CPU
		{81421183-4016-4358-BF2F-345AC896695F}.Release|Any CPU.Build.0 = Release|Any CPU
	EndGlobalSection
	GlobalSection(SolutionProperties) = preSolution
		HideSolutionNode = FALSE
	EndGlobalSection
EndGlobal
