
Microsoft Visual Studio Solution File, Format Version 12.00
# Visual Studio 14
VisualStudioVersion = 14.0.25420.1
MinimumVisualStudioVersion = 10.0.40219.1
Project("{FAE04EC0-301F-11D3-BF4B-00C04F79EFBC}") = "ConsoleApp", "ConsoleApp\ConsoleApp.csproj", "{E4D09501-9632-4E5D-83DD-B92A4B59F278}"
EndProject
Project("{FAE04EC0-301F-11D3-BF4B-00C04F79EFBC}") = "ShapesLib", "ShapesLib\ShapesLib.csproj", "{A674CADE-2346-408E-AC90-DE5B28416C8C}"
EndProject
Project("{FAE04EC0-301F-11D3-BF4B-00C04F79EFBC}") = "ShapesLibTest", "ShapesLibTest\ShapesLibTest.csproj", "{26F123CC-E443-4387-8AD5-DF6DFF6378D2}"
EndProject
Global
	GlobalSection(SolutionConfigurationPlatforms) = preSolution
		Debug|Any CPU = Debug|Any CPU
		Release|Any CPU = Release|Any CPU
	EndGlobalSection
	GlobalSection(ProjectConfigurationPlatforms) = postSolution
		{E4D09501-9632-4E5D-83DD-B92A4B59F278}.Debug|Any CPU.ActiveCfg = Debug|Any CPU
		{E4D09501-9632-4E5D-83DD-B92A4B59F278}.Debug|Any CPU.Build.0 = Debug|Any CPU
		{E4D09501-9632-4E5D-83DD-B92A4B59F278}.Release|Any CPU.ActiveCfg = Release|Any CPU
		{E4D09501-9632-4E5D-83DD-B92A4B59F278}.Release|Any CPU.Build.0 = Release|Any CPU
		{A674CADE-2346-408E-AC90-DE5B28416C8C}.Debug|Any CPU.ActiveCfg = Debug|Any CPU
		{A674CADE-2346-408E-AC90-DE5B28416C8C}.Debug|Any CPU.Build.0 = Debug|Any CPU
		{A674CADE-2346-408E-AC90-DE5B28416C8C}.Release|Any CPU.ActiveCfg = Release|Any CPU
		{A674CADE-2346-408E-AC90-DE5B28416C8C}.Release|Any CPU.Build.0 = Release|Any CPU
		{26F123CC-E443-4387-8AD5-DF6DFF6378D2}.Debug|Any CPU.ActiveCfg = Debug|Any CPU
		{26F123CC-E443-4387-8AD5-DF6DFF6378D2}.Debug|Any CPU.Build.0 = Debug|Any CPU
		{26F123CC-E443-4387-8AD5-DF6DFF6378D2}.Release|Any CPU.ActiveCfg = Release|Any CPU
		{26F123CC-E443-4387-8AD5-DF6DFF6378D2}.Release|Any CPU.Build.0 = Release|Any CPU
	EndGlobalSection
	GlobalSection(SolutionProperties) = preSolution
		HideSolutionNode = FALSE
	EndGlobalSection
EndGlobal
