
Microsoft Visual Studio Solution File, Format Version 12.00
# Visual Studio 14
VisualStudioVersion = 14.0.25420.1
MinimumVisualStudioVersion = 10.0.40219.1
Project("{FAE04EC0-301F-11D3-BF4B-00C04F79EFBC}") = "ConsoleApp", "ConsoleApp\ConsoleApp.csproj", "{390E12C2-9BD3-41E4-8E77-A081F8BCFDC9}"
EndProject
Project("{FAE04EC0-301F-11D3-BF4B-00C04F79EFBC}") = "Helper", "Helper\Helper.csproj", "{303FC86A-73D0-4EDC-9D58-062472443AEA}"
EndProject
Global
	GlobalSection(SolutionConfigurationPlatforms) = preSolution
		Debug|Any CPU = Debug|Any CPU
		Release|Any CPU = Release|Any CPU
	EndGlobalSection
	GlobalSection(ProjectConfigurationPlatforms) = postSolution
		{390E12C2-9BD3-41E4-8E77-A081F8BCFDC9}.Debug|Any CPU.ActiveCfg = Debug|Any CPU
		{390E12C2-9BD3-41E4-8E77-A081F8BCFDC9}.Debug|Any CPU.Build.0 = Debug|Any CPU
		{390E12C2-9BD3-41E4-8E77-A081F8BCFDC9}.Release|Any CPU.ActiveCfg = Release|Any CPU
		{390E12C2-9BD3-41E4-8E77-A081F8BCFDC9}.Release|Any CPU.Build.0 = Release|Any CPU
		{303FC86A-73D0-4EDC-9D58-062472443AEA}.Debug|Any CPU.ActiveCfg = Debug|Any CPU
		{303FC86A-73D0-4EDC-9D58-062472443AEA}.Debug|Any CPU.Build.0 = Debug|Any CPU
		{303FC86A-73D0-4EDC-9D58-062472443AEA}.Release|Any CPU.ActiveCfg = Release|Any CPU
		{303FC86A-73D0-4EDC-9D58-062472443AEA}.Release|Any CPU.Build.0 = Release|Any CPU
	EndGlobalSection
	GlobalSection(SolutionProperties) = preSolution
		HideSolutionNode = FALSE
	EndGlobalSection
EndGlobal
